 
13586217184 Qwen3.6-27B-Q3_K_M.gguf
6716355328 gemma-4-12B-it-qat-UD-Q4_K_XL.gguf
14249045120 gemma-4-26B-A4B-it-qat-UD-Q4_K_XL.gguf
253707328 mtp-gemma-4-12b-it.gguf
251937728 mtp-gemma-4-26B-A4B-it.gguf
16226547712 nex-agi_Nex-N2-mini-Q3_K_M.gguf
18605304512 Qwen3.6-35B-A3B-IQ4_XS-4.19bpw.gguf
16810713312 Qwopus3.6-27B-v2-MTP-Q4_K_M.gguf

docker ghcr.io/ggml-org/llama.cpp:server-cuda@sha256:e502860c8aa147e74e7cf42568fa2a8407c578dd291c1b231f698a55dd83fef6
docker llama.cpp version: 9592 (ac4cddeb0)
docker llama.cpp build: built with GNU 14.2.0 for Linux x86_64
docker image label org.opencontainers.image.version: b9592
docker image label org.opencontainers.image.revision: ac4cddeb0dbd778f650bf568f6f08344a06abe3a

huggingface mattbucci/Qwen3.6-35B-A3B-AWQ revision 7525d0f423bd615da6cc3cf3ae6fdae42941ea05
huggingface mattbucci/Qwen3.6-35B-A3B-AWQ total_bytes 20487590591
huggingface mattbucci/Qwen3.6-35B-A3B-AWQ weights_bytes 20457664144
huggingface mattbucci/Qwen3.6-35B-A3B-AWQ quantization awq bits=4 group_size=128 zero_point=true version=gemm
docker vllm/vllm-openai:latest@sha256:953d3a06d5e64ab582985cd7401289d3abf2a2c14ef2158e9a84313daeec77d7
docker vllm version: 0.22.1
docker vllm image label org.opencontainers.image.version: vllm/vllm-openai:v0.22.1
docker vllm image label org.opencontainers.image.revision: 0decac0d96c42b49572498019f0a0e3600f50398
